
Microsoft Visual Studio Solution File, Format Version 12.00
# Visual Studio 15
VisualStudioVersion = 15.0.28307.852
MinimumVisualStudioVersion = 10.0.40219.1
Project("{888888A0-9F3D-457C-B088-3A5042F75D52}") = "FootballScraper", "FootballScraper\FootballScraper.pyproj", "{13C2C67B-2910-47F1-B48E-40744DAF8484}"
EndProject
Global
	GlobalSection(SolutionConfigurationPlatforms) = preSolution
		Debug|Any CPU = Debug|Any CPU
		Release|Any CPU = Release|Any CPU
	EndGlobalSection
	GlobalSection(ProjectConfigurationPlatforms) = postSolution
		{13C2C67B-2910-47F1-B48E-40744DAF8484}.Debug|Any CPU.ActiveCfg = Debug|Any CPU
		{13C2C67B-2910-47F1-B48E-40744DAF8484}.Release|Any CPU.ActiveCfg = Release|Any CPU
	EndGlobalSection
	GlobalSection(SolutionProperties) = preSolution
		HideSolutionNode = FALSE
	EndGlobalSection
	GlobalSection(ExtensibilityGlobals) = postSolution
		SolutionGuid = {F8F2BBA8-48ED-4D20-A401-B79056C9202C}
	EndGlobalSection
EndGlobal
